
Microsoft Visual Studio Solution File, Format Version 12.00
Project("{FAE04EC0-301F-11D3-BF4B-00C04F79EFBC}") = "HackerRank.DataStructures", "HackerRank.DataStructures\HackerRank.DataStructures.csproj", "{CD511B46-C662-4947-A78A-991D2189CF2B}"
EndProject
Project("{FAE04EC0-301F-11D3-BF4B-00C04F79EFBC}") = "HackerRank.DataStructures.Tests", "HackerRank.DataStructures.Tests\HackerRank.DataStructures.Tests.csproj", "{BDB983F9-2853-4530-97D2-69415AC4D07E}"
EndProject
Project("{FAE04EC0-301F-11D3-BF4B-00C04F79EFBC}") = "HackerRank.Utilities", "..\HackerRank.Utilities\HackerRank.Utilities.csproj", "{C1ED2D21-38C6-4CEA-B116-45DF3E2A409A}"
EndProject
Project("{FAE04EC0-301F-11D3-BF4B-00C04F79EFBC}") = "HackerRank.DataStructures.Benchmarks", "HackerRank.DataStructures.Benchmarks\HackerRank.DataStructures.Benchmarks.csproj", "{0FDD03A7-0232-442A-9CD1-72828766EF42}"
EndProject
Global
	GlobalSection(SolutionConfigurationPlatforms) = preSolution
		Debug|Any CPU = Debug|Any CPU
		Release|Any CPU = Release|Any CPU
	EndGlobalSection
	GlobalSection(ProjectConfigurationPlatforms) = postSolution
		{CD511B46-C662-4947-A78A-991D2189CF2B}.Debug|Any CPU.ActiveCfg = Debug|Any CPU
		{CD511B46-C662-4947-A78A-991D2189CF2B}.Debug|Any CPU.Build.0 = Debug|Any CPU
		{CD511B46-C662-4947-A78A-991D2189CF2B}.Release|Any CPU.ActiveCfg = Release|Any CPU
		{CD511B46-C662-4947-A78A-991D2189CF2B}.Release|Any CPU.Build.0 = Release|Any CPU
		{BDB983F9-2853-4530-97D2-69415AC4D07E}.Debug|Any CPU.ActiveCfg = Debug|Any CPU
		{BDB983F9-2853-4530-97D2-69415AC4D07E}.Debug|Any CPU.Build.0 = Debug|Any CPU
		{BDB983F9-2853-4530-97D2-69415AC4D07E}.Release|Any CPU.ActiveCfg = Release|Any CPU
		{BDB983F9-2853-4530-97D2-69415AC4D07E}.Release|Any CPU.Build.0 = Release|Any CPU
		{C1ED2D21-38C6-4CEA-B116-45DF3E2A409A}.Debug|Any CPU.ActiveCfg = Debug|Any CPU
		{C1ED2D21-38C6-4CEA-B116-45DF3E2A409A}.Debug|Any CPU.Build.0 = Debug|Any CPU
		{C1ED2D21-38C6-4CEA-B116-45DF3E2A409A}.Release|Any CPU.ActiveCfg = Release|Any CPU
		{C1ED2D21-38C6-4CEA-B116-45DF3E2A409A}.Release|Any CPU.Build.0 = Release|Any CPU
		{0FDD03A7-0232-442A-9CD1-72828766EF42}.Debug|Any CPU.ActiveCfg = Debug|Any CPU
		{0FDD03A7-0232-442A-9CD1-72828766EF42}.Debug|Any CPU.Build.0 = Debug|Any CPU
		{0FDD03A7-0232-442A-9CD1-72828766EF42}.Release|Any CPU.ActiveCfg = Release|Any CPU
		{0FDD03A7-0232-442A-9CD1-72828766EF42}.Release|Any CPU.Build.0 = Release|Any CPU
	EndGlobalSection
EndGlobal
